
Microsoft Visual Studio Solution File, Format Version 12.00
# Visual Studio Version 16
VisualStudioVersion = 16.0.32407.337
MinimumVisualStudioVersion = 10.0.40219.1
Project("{FAE04EC0-301F-11D3-BF4B-00C04F79EFBC}") = "魔術方陣OOP", "魔術方陣OOP\魔術方陣OOP.csproj", "{7B3DF503-AEF5-4061-BDF3-F9D61B019529}"
EndProject
Global
	GlobalSection(SolutionConfigurationPlatforms) = preSolution
		Debug|Any CPU = Debug|Any CPU
		Release|Any CPU = Release|Any CPU
	EndGlobalSection
	GlobalSection(ProjectConfigurationPlatforms) = postSolution
		{7B3DF503-AEF5-4061-BDF3-F9D61B019529}.Debug|Any CPU.ActiveCfg = Debug|Any CPU
		{7B3DF503-AEF5-4061-BDF3-F9D61B019529}.Debug|Any CPU.Build.0 = Debug|Any CPU
		{7B3DF503-AEF5-4061-BDF3-F9D61B019529}.Release|Any CPU.ActiveCfg = Release|Any CPU
		{7B3DF503-AEF5-4061-BDF3-F9D61B019529}.Release|Any CPU.Build.0 = Release|Any CPU
	EndGlobalSection
	GlobalSection(SolutionProperties) = preSolution
		HideSolutionNode = FALSE
	EndGlobalSection
	GlobalSection(ExtensibilityGlobals) = postSolution
		SolutionGuid = {AE0B9253-5BA8-479B-9CF9-8E0A10C35AC4}
	EndGlobalSection
EndGlobal
